
Microsoft Visual Studio Solution File, Format Version 12.00
# Visual Studio Version 17
VisualStudioVersion = 17.4.33122.133
MinimumVisualStudioVersion = 10.0.40219.1
Project("{FAE04EC0-301F-11D3-BF4B-00C04F79EFBC}") = "MockSchoolManagement", "MockSchoolManagement\MockSchoolManagement.csproj", "{5E59E344-27A2-4473-B62C-33A0AB0A7EDB}"
EndProject
Global
	GlobalSection(SolutionConfigurationPlatforms) = preSolution
		Debug|Any CPU = Debug|Any CPU
		Release|Any CPU = Release|Any CPU
	EndGlobalSection
	GlobalSection(ProjectConfigurationPlatforms) = postSolution
		{5E59E344-27A2-4473-B62C-33A0AB0A7EDB}.Debug|Any CPU.ActiveCfg = Debug|Any CPU
		{5E59E344-27A2-4473-B62C-33A0AB0A7EDB}.Debug|Any CPU.Build.0 = Debug|Any CPU
		{5E59E344-27A2-4473-B62C-33A0AB0A7EDB}.Release|Any CPU.ActiveCfg = Release|Any CPU
		{5E59E344-27A2-4473-B62C-33A0AB0A7EDB}.Release|Any CPU.Build.0 = Release|Any CPU
	EndGlobalSection
	GlobalSection(SolutionProperties) = preSolution
		HideSolutionNode = FALSE
	EndGlobalSection
	GlobalSection(ExtensibilityGlobals) = postSolution
		SolutionGuid = {2C21EB00-87D5-4939-AC5F-2D25E0FA6EFD}
	EndGlobalSection
EndGlobal
